
Microsoft Visual Studio Solution File, Format Version 12.00
# Visual Studio Version 16
VisualStudioVersion = 16.0.31005.135
MinimumVisualStudioVersion = 10.0.40219.1
Project("{FAE04EC0-301F-11D3-BF4B-00C04F79EFBC}") = "prj_ApoliceLucia", "prj_ApoliceLucia.csproj", "{4D19D14E-9579-4B79-A7AE-F232D1BEA445}"
EndProject
Global
	GlobalSection(SolutionConfigurationPlatforms) = preSolution
		Debug|Any CPU = Debug|Any CPU
		Release|Any CPU = Release|Any CPU
	EndGlobalSection
	GlobalSection(ProjectConfigurationPlatforms) = postSolution
		{4D19D14E-9579-4B79-A7AE-F232D1BEA445}.Debug|Any CPU.ActiveCfg = Debug|Any CPU
		{4D19D14E-9579-4B79-A7AE-F232D1BEA445}.Debug|Any CPU.Build.0 = Debug|Any CPU
		{4D19D14E-9579-4B79-A7AE-F232D1BEA445}.Release|Any CPU.ActiveCfg = Release|Any CPU
		{4D19D14E-9579-4B79-A7AE-F232D1BEA445}.Release|Any CPU.Build.0 = Release|Any CPU
	EndGlobalSection
	GlobalSection(SolutionProperties) = preSolution
		HideSolutionNode = FALSE
	EndGlobalSection
	GlobalSection(ExtensibilityGlobals) = postSolution
		SolutionGuid = {6B1E976E-67E8-4437-8AFE-A770A39ECBBC}
	EndGlobalSection
EndGlobal
